
Microsoft Visual Studio Solution File, Format Version 12.00
# Visual Studio Version 16
VisualStudioVersion = 16.0.29123.88
MinimumVisualStudioVersion = 10.0.40219.1
Project("{FAE04EC0-301F-11D3-BF4B-00C04F79EFBC}") = "CommentFB", "CommentFB\CommentFB.csproj", "{77DAF0B3-12F8-4177-B563-C3A77C71616D}"
EndProject
Global
	GlobalSection(SolutionConfigurationPlatforms) = preSolution
		Debug|Any CPU = Debug|Any CPU
		Release|Any CPU = Release|Any CPU
	EndGlobalSection
	GlobalSection(ProjectConfigurationPlatforms) = postSolution
		{77DAF0B3-12F8-4177-B563-C3A77C71616D}.Debug|Any CPU.ActiveCfg = Debug|Any CPU
		{77DAF0B3-12F8-4177-B563-C3A77C71616D}.Debug|Any CPU.Build.0 = Debug|Any CPU
		{77DAF0B3-12F8-4177-B563-C3A77C71616D}.Release|Any CPU.ActiveCfg = Release|Any CPU
		{77DAF0B3-12F8-4177-B563-C3A77C71616D}.Release|Any CPU.Build.0 = Release|Any CPU
	EndGlobalSection
	GlobalSection(SolutionProperties) = preSolution
		HideSolutionNode = FALSE
	EndGlobalSection
	GlobalSection(ExtensibilityGlobals) = postSolution
		SolutionGuid = {BCE60610-8E2E-4D3C-93C8-5BC3D26C7CA9}
	EndGlobalSection
EndGlobal
